
Microsoft Visual Studio Solution File, Format Version 12.00
# Visual Studio 15
VisualStudioVersion = 15.0.27703.2042
MinimumVisualStudioVersion = 10.0.40219.1
Project("{FAE04EC0-301F-11D3-BF4B-00C04F79EFBC}") = "Program1", "Program1\Program1.csproj", "{16E4BA54-5A55-444E-BA3E-BEEE5AD17905}"
EndProject
Project("{FAE04EC0-301F-11D3-BF4B-00C04F79EFBC}") = "Program2", "Program2\Program2.csproj", "{8BCCD003-CE35-44E1-934E-4F175B322165}"
EndProject
Project("{FAE04EC0-301F-11D3-BF4B-00C04F79EFBC}") = "Program3", "Program3\Program3.csproj", "{F3801D0F-9477-4652-BA13-8FA5A39466E7}"
EndProject
Global
	GlobalSection(SolutionConfigurationPlatforms) = preSolution
		Debug|Any CPU = Debug|Any CPU
		Release|Any CPU = Release|Any CPU
	EndGlobalSection
	GlobalSection(ProjectConfigurationPlatforms) = postSolution
		{16E4BA54-5A55-444E-BA3E-BEEE5AD17905}.Debug|Any CPU.ActiveCfg = Debug|Any CPU
		{16E4BA54-5A55-444E-BA3E-BEEE5AD17905}.Debug|Any CPU.Build.0 = Debug|Any CPU
		{16E4BA54-5A55-444E-BA3E-BEEE5AD17905}.Release|Any CPU.ActiveCfg = Release|Any CPU
		{16E4BA54-5A55-444E-BA3E-BEEE5AD17905}.Release|Any CPU.Build.0 = Release|Any CPU
		{8BCCD003-CE35-44E1-934E-4F175B322165}.Debug|Any CPU.ActiveCfg = Debug|Any CPU
		{8BCCD003-CE35-44E1-934E-4F175B322165}.Debug|Any CPU.Build.0 = Debug|Any CPU
		{8BCCD003-CE35-44E1-934E-4F175B322165}.Release|Any CPU.ActiveCfg = Release|Any CPU
		{8BCCD003-CE35-44E1-934E-4F175B322165}.Release|Any CPU.Build.0 = Release|Any CPU
		{F3801D0F-9477-4652-BA13-8FA5A39466E7}.Debug|Any CPU.ActiveCfg = Debug|Any CPU
		{F3801D0F-9477-4652-BA13-8FA5A39466E7}.Debug|Any CPU.Build.0 = Debug|Any CPU
		{F3801D0F-9477-4652-BA13-8FA5A39466E7}.Release|Any CPU.ActiveCfg = Release|Any CPU
		{F3801D0F-9477-4652-BA13-8FA5A39466E7}.Release|Any CPU.Build.0 = Release|Any CPU
	EndGlobalSection
	GlobalSection(SolutionProperties) = preSolution
		HideSolutionNode = FALSE
	EndGlobalSection
	GlobalSection(ExtensibilityGlobals) = postSolution
		SolutionGuid = {7C8D1159-24EE-4AC9-9F4B-FBB768A253CB}
	EndGlobalSection
EndGlobal
